// !$*UTF8*$!
{
	archiveVersion = 1;
	classes = {
	};
	objectVersion = 46;
	objects = {

/* Begin PBXBuildFile section */
		885BB8F217237A710077DC8F /* Cocoa.framework in Frameworks */ = {isa = PBXBuildFile; fileRef = 885BB8F117237A710077DC8F /* Cocoa.framework */; };
		885BB8FC17237A710077DC8F /* InfoPlist.strings in Resources */ = {isa = PBXBuildFile; fileRef = 885BB8FA17237A710077DC8F /* InfoPlist.strings */; };
		885BB90917237A710077DC8F /* Cocoa.framework in Frameworks */ = {isa = PBXBuildFile; fileRef = 885BB8F117237A710077DC8F /* Cocoa.framework */; };
		885BB90C17237A710077DC8F /* RockemSockem.framework in Frameworks */ = {isa = PBXBuildFile; fileRef = 885BB8EE17237A710077DC8F /* RockemSockem.framework */; };
		885BB91217237A710077DC8F /* InfoPlist.strings in Resources */ = {isa = PBXBuildFile; fileRef = 885BB91017237A710077DC8F /* InfoPlist.strings */; };
		885BB92617237A8B0077DC8F /* RSMServer.h in Headers */ = {isa = PBXBuildFile; fileRef = 885BB91E17237A8B0077DC8F /* RSMServer.h */; settings = {ATTRIBUTES = (Public, ); }; };
		885BB92717237A8B0077DC8F /* RSMServer.m in Sources */ = {isa = PBXBuildFile; fileRef = 885BB91F17237A8B0077DC8F /* RSMServer.m */; };
		885BB92817237A8B0077DC8F /* RSMServer+Private.h in Headers */ = {isa = PBXBuildFile; fileRef = 885BB92017237A8B0077DC8F /* RSMServer+Private.h */; };
		885BB92917237A8B0077DC8F /* RSMConnection.h in Headers */ = {isa = PBXBuildFile; fileRef = 885BB92117237A8B0077DC8F /* RSMConnection.h */; };
		885BB92A17237A8B0077DC8F /* RSMConnection.m in Sources */ = {isa = PBXBuildFile; fileRef = 885BB92217237A8B0077DC8F /* RSMConnection.m */; };
		885BB92B17237A8B0077DC8F /* RSMWebSocket.h in Headers */ = {isa = PBXBuildFile; fileRef = 885BB92317237A8B0077DC8F /* RSMWebSocket.h */; settings = {ATTRIBUTES = (Public, ); }; };
		885BB92C17237A8B0077DC8F /* RSMWebSocket.m in Sources */ = {isa = PBXBuildFile; fileRef = 885BB92417237A8B0077DC8F /* RSMWebSocket.m */; };
		885BB92D17237A8B0077DC8F /* RSMWebSocket+Private.h in Headers */ = {isa = PBXBuildFile; fileRef = 885BB92517237A8B0077DC8F /* RSMWebSocket+Private.h */; };
		885BB93017237B8A0077DC8F /* GCDAsyncSocket.h in Headers */ = {isa = PBXBuildFile; fileRef = 885BB92E17237B8A0077DC8F /* GCDAsyncSocket.h */; };
		885BB93117237B8A0077DC8F /* GCDAsyncSocket.m in Sources */ = {isa = PBXBuildFile; fileRef = 885BB92F17237B8A0077DC8F /* GCDAsyncSocket.m */; settings = {COMPILER_FLAGS = "-w"; }; };
		885BB95A17237B940077DC8F /* DDData.h in Headers */ = {isa = PBXBuildFile; fileRef = 885BB93417237B940077DC8F /* DDData.h */; };
		885BB95B17237B940077DC8F /* DDData.m in Sources */ = {isa = PBXBuildFile; fileRef = 885BB93517237B940077DC8F /* DDData.m */; settings = {COMPILER_FLAGS = "-w"; }; };
		885BB95C17237B940077DC8F /* DDNumber.h in Headers */ = {isa = PBXBuildFile; fileRef = 885BB93617237B940077DC8F /* DDNumber.h */; };
		885BB95D17237B940077DC8F /* DDNumber.m in Sources */ = {isa = PBXBuildFile; fileRef = 885BB93717237B940077DC8F /* DDNumber.m */; };
		885BB95E17237B940077DC8F /* DDRange.h in Headers */ = {isa = PBXBuildFile; fileRef = 885BB93817237B940077DC8F /* DDRange.h */; };
		885BB95F17237B940077DC8F /* DDRange.m in Sources */ = {isa = PBXBuildFile; fileRef = 885BB93917237B940077DC8F /* DDRange.m */; };
		885BB96017237B940077DC8F /* HTTPAuthenticationRequest.h in Headers */ = {isa = PBXBuildFile; fileRef = 885BB93A17237B940077DC8F /* HTTPAuthenticationRequest.h */; };
		885BB96117237B940077DC8F /* HTTPAuthenticationRequest.m in Sources */ = {isa = PBXBuildFile; fileRef = 885BB93B17237B940077DC8F /* HTTPAuthenticationRequest.m */; };
		885BB96217237B940077DC8F /* HTTPConnection.h in Headers */ = {isa = PBXBuildFile; fileRef = 885BB93C17237B940077DC8F /* HTTPConnection.h */; };
		885BB96317237B940077DC8F /* HTTPConnection.m in Sources */ = {isa = PBXBuildFile; fileRef = 885BB93D17237B940077DC8F /* HTTPConnection.m */; settings = {COMPILER_FLAGS = "-w"; }; };
		885BB96417237B940077DC8F /* HTTPLogging.h in Headers */ = {isa = PBXBuildFile; fileRef = 885BB93E17237B940077DC8F /* HTTPLogging.h */; };
		885BB96517237B940077DC8F /* HTTPMessage.h in Headers */ = {isa = PBXBuildFile; fileRef = 885BB93F17237B940077DC8F /* HTTPMessage.h */; settings = {ATTRIBUTES = (Public, ); }; };
		885BB96617237B940077DC8F /* HTTPMessage.m in Sources */ = {isa = PBXBuildFile; fileRef = 885BB94017237B940077DC8F /* HTTPMessage.m */; };
		885BB96717237B940077DC8F /* HTTPResponse.h in Headers */ = {isa = PBXBuildFile; fileRef = 885BB94117237B940077DC8F /* HTTPResponse.h */; settings = {ATTRIBUTES = (Public, ); }; };
		885BB96817237B940077DC8F /* HTTPServer.h in Headers */ = {isa = PBXBuildFile; fileRef = 885BB94217237B940077DC8F /* HTTPServer.h */; settings = {ATTRIBUTES = (Public, ); }; };
		885BB96917237B940077DC8F /* HTTPServer.m in Sources */ = {isa = PBXBuildFile; fileRef = 885BB94317237B940077DC8F /* HTTPServer.m */; };
		885BB96A17237B940077DC8F /* MultipartFormDataParser.h in Headers */ = {isa = PBXBuildFile; fileRef = 885BB94517237B940077DC8F /* MultipartFormDataParser.h */; };
		885BB96B17237B940077DC8F /* MultipartFormDataParser.m in Sources */ = {isa = PBXBuildFile; fileRef = 885BB94617237B940077DC8F /* MultipartFormDataParser.m */; settings = {COMPILER_FLAGS = "-w"; }; };
		885BB96C17237B940077DC8F /* MultipartMessageHeader.h in Headers */ = {isa = PBXBuildFile; fileRef = 885BB94717237B940077DC8F /* MultipartMessageHeader.h */; };
		885BB96D17237B940077DC8F /* MultipartMessageHeader.m in Sources */ = {isa = PBXBuildFile; fileRef = 885BB94817237B940077DC8F /* MultipartMessageHeader.m */; settings = {COMPILER_FLAGS = "-w"; }; };
		885BB96E17237B940077DC8F /* MultipartMessageHeaderField.h in Headers */ = {isa = PBXBuildFile; fileRef = 885BB94917237B940077DC8F /* MultipartMessageHeaderField.h */; };
		885BB96F17237B940077DC8F /* MultipartMessageHeaderField.m in Sources */ = {isa = PBXBuildFile; fileRef = 885BB94A17237B940077DC8F /* MultipartMessageHeaderField.m */; settings = {COMPILER_FLAGS = "-w"; }; };
		885BB97017237B940077DC8F /* HTTPAsyncFileResponse.h in Headers */ = {isa = PBXBuildFile; fileRef = 885BB94C17237B940077DC8F /* HTTPAsyncFileResponse.h */; };
		885BB97117237B940077DC8F /* HTTPAsyncFileResponse.m in Sources */ = {isa = PBXBuildFile; fileRef = 885BB94D17237B940077DC8F /* HTTPAsyncFileResponse.m */; };
		885BB97217237B940077DC8F /* HTTPDataResponse.h in Headers */ = {isa = PBXBuildFile; fileRef = 885BB94E17237B940077DC8F /* HTTPDataResponse.h */; settings = {ATTRIBUTES = (Public, ); }; };
		885BB97317237B940077DC8F /* HTTPDataResponse.m in Sources */ = {isa = PBXBuildFile; fileRef = 885BB94F17237B940077DC8F /* HTTPDataResponse.m */; };
		885BB97417237B940077DC8F /* HTTPDynamicFileResponse.h in Headers */ = {isa = PBXBuildFile; fileRef = 885BB95017237B940077DC8F /* HTTPDynamicFileResponse.h */; };
		885BB97517237B940077DC8F /* HTTPDynamicFileResponse.m in Sources */ = {isa = PBXBuildFile; fileRef = 885BB95117237B940077DC8F /* HTTPDynamicFileResponse.m */; settings = {COMPILER_FLAGS = "-w"; }; };
		885BB97617237B940077DC8F /* HTTPErrorResponse.h in Headers */ = {isa = PBXBuildFile; fileRef = 885BB95217237B940077DC8F /* HTTPErrorResponse.h */; };
		885BB97717237B940077DC8F /* HTTPErrorResponse.m in Sources */ = {isa = PBXBuildFile; fileRef = 885BB95317237B940077DC8F /* HTTPErrorResponse.m */; };
		885BB97817237B940077DC8F /* HTTPFileResponse.h in Headers */ = {isa = PBXBuildFile; fileRef = 885BB95417237B940077DC8F /* HTTPFileResponse.h */; };
		885BB97917237B940077DC8F /* HTTPFileResponse.m in Sources */ = {isa = PBXBuildFile; fileRef = 885BB95517237B940077DC8F /* HTTPFileResponse.m */; };
		885BB97A17237B940077DC8F /* HTTPRedirectResponse.h in Headers */ = {isa = PBXBuildFile; fileRef = 885BB95617237B940077DC8F /* HTTPRedirectResponse.h */; };
		885BB97B17237B940077DC8F /* HTTPRedirectResponse.m in Sources */ = {isa = PBXBuildFile; fileRef = 885BB95717237B940077DC8F /* HTTPRedirectResponse.m */; };
		885BB97C17237B940077DC8F /* WebSocket.h in Headers */ = {isa = PBXBuildFile; fileRef = 885BB95817237B940077DC8F /* WebSocket.h */; settings = {ATTRIBUTES = (Public, ); }; };
		885BB97D17237B940077DC8F /* WebSocket.m in Sources */ = {isa = PBXBuildFile; fileRef = 885BB95917237B940077DC8F /* WebSocket.m */; settings = {COMPILER_FLAGS = "-w"; }; };
		885BB98017237BA60077DC8F /* DDLog.h in Headers */ = {isa = PBXBuildFile; fileRef = 885BB97E17237BA60077DC8F /* DDLog.h */; };
		885BB98117237BA60077DC8F /* DDLog.m in Sources */ = {isa = PBXBuildFile; fileRef = 885BB97F17237BA60077DC8F /* DDLog.m */; };
		885BB99417237D0E0077DC8F /* Security.framework in Frameworks */ = {isa = PBXBuildFile; fileRef = 885BB99317237D0E0077DC8F /* Security.framework */; };
		885BB99517237E000077DC8F /* RockemSockem.h in Headers */ = {isa = PBXBuildFile; fileRef = 885BB8FE17237A710077DC8F /* RockemSockem.h */; settings = {ATTRIBUTES = (Public, ); }; };
		88DE7E9B177E207D00D56754 /* RSMResponse.h in Headers */ = {isa = PBXBuildFile; fileRef = 88DE7E99177E207D00D56754 /* RSMResponse.h */; settings = {ATTRIBUTES = (Public, ); }; };
		88DE7E9C177E207D00D56754 /* RSMResponse.m in Sources */ = {isa = PBXBuildFile; fileRef = 88DE7E9A177E207D00D56754 /* RSMResponse.m */; };
		BE659FEF196AEF5A00D53192 /* XCTest.framework in Frameworks */ = {isa = PBXBuildFile; fileRef = BE659FEE196AEF5A00D53192 /* XCTest.framework */; };
		D4ACA56618DBA9C300EBD899 /* ReactiveCocoa.framework in Frameworks */ = {isa = PBXBuildFile; fileRef = D4ACA56518DBA9C300EBD899 /* ReactiveCocoa.framework */; };
/* End PBXBuildFile section */

/* Begin PBXContainerItemProxy section */
		885BB90A17237A710077DC8F /* PBXContainerItemProxy */ = {
			isa = PBXContainerItemProxy;
			containerPortal = 885BB8E517237A700077DC8F /* Project object */;
			proxyType = 1;
			remoteGlobalIDString = 885BB8ED17237A710077DC8F;
			remoteInfo = RockemSockem;
		};
/* End PBXContainerItemProxy section */

/* Begin PBXFileReference section */
		882438EB177B7EDC0071C196 /* Common.xcconfig */ = {isa = PBXFileReference; fileEncoding = 4; lastKnownFileType = text.xcconfig; path = Common.xcconfig; sourceTree = "<group>"; };
		882438ED177B7EDC0071C196 /* Debug.xcconfig */ = {isa = PBXFileReference; fileEncoding = 4; lastKnownFileType = text.xcconfig; path = Debug.xcconfig; sourceTree = "<group>"; };
		882438EE177B7EDC0071C196 /* Profile.xcconfig */ = {isa = PBXFileReference; fileEncoding = 4; lastKnownFileType = text.xcconfig; path = Profile.xcconfig; sourceTree = "<group>"; };
		882438EF177B7EDC0071C196 /* Release.xcconfig */ = {isa = PBXFileReference; fileEncoding = 4; lastKnownFileType = text.xcconfig; path = Release.xcconfig; sourceTree = "<group>"; };
		882438F0177B7EDC0071C196 /* Test.xcconfig */ = {isa = PBXFileReference; fileEncoding = 4; lastKnownFileType = text.xcconfig; path = Test.xcconfig; sourceTree = "<group>"; };
		882438F2177B7EDC0071C196 /* Application.xcconfig */ = {isa = PBXFileReference; fileEncoding = 4; lastKnownFileType = text.xcconfig; path = Application.xcconfig; sourceTree = "<group>"; };
		882438F3177B7EDC0071C196 /* StaticLibrary.xcconfig */ = {isa = PBXFileReference; fileEncoding = 4; lastKnownFileType = text.xcconfig; path = StaticLibrary.xcconfig; sourceTree = "<group>"; };
		882438F5177B7EDC0071C196 /* Mac-Application.xcconfig */ = {isa = PBXFileReference; fileEncoding = 4; lastKnownFileType = text.xcconfig; path = "Mac-Application.xcconfig"; sourceTree = "<group>"; };
		882438F6177B7EDC0071C196 /* Mac-Base.xcconfig */ = {isa = PBXFileReference; fileEncoding = 4; lastKnownFileType = text.xcconfig; path = "Mac-Base.xcconfig"; sourceTree = "<group>"; };
		882438F7177B7EDC0071C196 /* Mac-DynamicLibrary.xcconfig */ = {isa = PBXFileReference; fileEncoding = 4; lastKnownFileType = text.xcconfig; path = "Mac-DynamicLibrary.xcconfig"; sourceTree = "<group>"; };
		882438F8177B7EDC0071C196 /* Mac-Framework.xcconfig */ = {isa = PBXFileReference; fileEncoding = 4; lastKnownFileType = text.xcconfig; path = "Mac-Framework.xcconfig"; sourceTree = "<group>"; };
		882438F9177B7EDC0071C196 /* Mac-StaticLibrary.xcconfig */ = {isa = PBXFileReference; fileEncoding = 4; lastKnownFileType = text.xcconfig; path = "Mac-StaticLibrary.xcconfig"; sourceTree = "<group>"; };
		882438FA177B7EDC0071C196 /* README.md */ = {isa = PBXFileReference; fileEncoding = 4; lastKnownFileType = text; path = README.md; sourceTree = "<group>"; };
		882438FC177B7EDC0071C196 /* iOS-Application.xcconfig */ = {isa = PBXFileReference; fileEncoding = 4; lastKnownFileType = text.xcconfig; path = "iOS-Application.xcconfig"; sourceTree = "<group>"; };
		882438FD177B7EDC0071C196 /* iOS-Base.xcconfig */ = {isa = PBXFileReference; fileEncoding = 4; lastKnownFileType = text.xcconfig; path = "iOS-Base.xcconfig"; sourceTree = "<group>"; };
		882438FE177B7EDC0071C196 /* iOS-StaticLibrary.xcconfig */ = {isa = PBXFileReference; fileEncoding = 4; lastKnownFileType = text.xcconfig; path = "iOS-StaticLibrary.xcconfig"; sourceTree = "<group>"; };
		885BB8EE17237A710077DC8F /* RockemSockem.framework */ = {isa = PBXFileReference; explicitFileType = wrapper.framework; includeInIndex = 0; path = RockemSockem.framework; sourceTree = BUILT_PRODUCTS_DIR; };
		885BB8F117237A710077DC8F /* Cocoa.framework */ = {isa = PBXFileReference; lastKnownFileType = wrapper.framework; name = Cocoa.framework; path = System/Library/Frameworks/Cocoa.framework; sourceTree = SDKROOT; };
		885BB8F417237A710077DC8F /* AppKit.framework */ = {isa = PBXFileReference; lastKnownFileType = wrapper.framework; name = AppKit.framework; path = System/Library/Frameworks/AppKit.framework; sourceTree = SDKROOT; };
		885BB8F517237A710077DC8F /* CoreData.framework */ = {isa = PBXFileReference; lastKnownFileType = wrapper.framework; name = CoreData.framework; path = System/Library/Frameworks/CoreData.framework; sourceTree = SDKROOT; };
		885BB8F617237A710077DC8F /* Foundation.framework */ = {isa = PBXFileReference; lastKnownFileType = wrapper.framework; name = Foundation.framework; path = System/Library/Frameworks/Foundation.framework; sourceTree = SDKROOT; };
		885BB8F917237A710077DC8F /* RockemSockem-Info.plist */ = {isa = PBXFileReference; lastKnownFileType = text.plist.xml; path = "RockemSockem-Info.plist"; sourceTree = "<group>"; };
		885BB8FB17237A710077DC8F /* en */ = {isa = PBXFileReference; lastKnownFileType = text.plist.strings; name = en; path = en.lproj/InfoPlist.strings; sourceTree = "<group>"; };
		885BB8FD17237A710077DC8F /* RockemSockem-Prefix.pch */ = {isa = PBXFileReference; lastKnownFileType = sourcecode.c.h; path = "RockemSockem-Prefix.pch"; sourceTree = "<group>"; };
		885BB8FE17237A710077DC8F /* RockemSockem.h */ = {isa = PBXFileReference; lastKnownFileType = sourcecode.c.h; path = RockemSockem.h; sourceTree = "<group>"; };
		885BB90617237A710077DC8F /* RockemSockemTests.xctest */ = {isa = PBXFileReference; explicitFileType = wrapper.cfbundle; includeInIndex = 0; path = RockemSockemTests.xctest; sourceTree = BUILT_PRODUCTS_DIR; };
		885BB90F17237A710077DC8F /* RockemSockemTests-Info.plist */ = {isa = PBXFileReference; lastKnownFileType = text.plist.xml; path = "RockemSockemTests-Info.plist"; sourceTree = "<group>"; };
		885BB91117237A710077DC8F /* en */ = {isa = PBXFileReference; lastKnownFileType = text.plist.strings; name = en; path = en.lproj/InfoPlist.strings; sourceTree = "<group>"; };
		885BB91E17237A8B0077DC8F /* RSMServer.h */ = {isa = PBXFileReference; fileEncoding = 4; lastKnownFileType = sourcecode.c.h; path = RSMServer.h; sourceTree = "<group>"; };
		885BB91F17237A8B0077DC8F /* RSMServer.m */ = {isa = PBXFileReference; fileEncoding = 4; lastKnownFileType = sourcecode.c.objc; path = RSMServer.m; sourceTree = "<group>"; };
		885BB92017237A8B0077DC8F /* RSMServer+Private.h */ = {isa = PBXFileReference; fileEncoding = 4; lastKnownFileType = sourcecode.c.h; path = "RSMServer+Private.h"; sourceTree = "<group>"; };
		885BB92117237A8B0077DC8F /* RSMConnection.h */ = {isa = PBXFileReference; fileEncoding = 4; lastKnownFileType = sourcecode.c.h; path = RSMConnection.h; sourceTree = "<group>"; };
		885BB92217237A8B0077DC8F /* RSMConnection.m */ = {isa = PBXFileReference; fileEncoding = 4; lastKnownFileType = sourcecode.c.objc; path = RSMConnection.m; sourceTree = "<group>"; };
		885BB92317237A8B0077DC8F /* RSMWebSocket.h */ = {isa = PBXFileReference; fileEncoding = 4; lastKnownFileType = sourcecode.c.h; path = RSMWebSocket.h; sourceTree = "<group>"; };
		885BB92417237A8B0077DC8F /* RSMWebSocket.m */ = {isa = PBXFileReference; fileEncoding = 4; lastKnownFileType = sourcecode.c.objc; path = RSMWebSocket.m; sourceTree = "<group>"; };
		885BB92517237A8B0077DC8F /* RSMWebSocket+Private.h */ = {isa = PBXFileReference; fileEncoding = 4; lastKnownFileType = sourcecode.c.h; path = "RSMWebSocket+Private.h"; sourceTree = "<group>"; };
		885BB92E17237B8A0077DC8F /* GCDAsyncSocket.h */ = {isa = PBXFileReference; fileEncoding = 4; lastKnownFileType = sourcecode.c.h; name = GCDAsyncSocket.h; path = External/CocoaAsyncSocket/GCD/GCDAsyncSocket.h; sourceTree = "<group>"; };
		885BB92F17237B8A0077DC8F /* GCDAsyncSocket.m */ = {isa = PBXFileReference; fileEncoding = 4; lastKnownFileType = sourcecode.c.objc; name = GCDAsyncSocket.m; path = External/CocoaAsyncSocket/GCD/GCDAsyncSocket.m; sourceTree = "<group>"; };
		885BB93417237B940077DC8F /* DDData.h */ = {isa = PBXFileReference; fileEncoding = 4; lastKnownFileType = sourcecode.c.h; path = DDData.h; sourceTree = "<group>"; };
		885BB93517237B940077DC8F /* DDData.m */ = {isa = PBXFileReference; fileEncoding = 4; lastKnownFileType = sourcecode.c.objc; path = DDData.m; sourceTree = "<group>"; };
		885BB93617237B940077DC8F /* DDNumber.h */ = {isa = PBXFileReference; fileEncoding = 4; lastKnownFileType = sourcecode.c.h; path = DDNumber.h; sourceTree = "<group>"; };
		885BB93717237B940077DC8F /* DDNumber.m */ = {isa = PBXFileReference; fileEncoding = 4; lastKnownFileType = sourcecode.c.objc; path = DDNumber.m; sourceTree = "<group>"; };
		885BB93817237B940077DC8F /* DDRange.h */ = {isa = PBXFileReference; fileEncoding = 4; lastKnownFileType = sourcecode.c.h; path = DDRange.h; sourceTree = "<group>"; };
		885BB93917237B940077DC8F /* DDRange.m */ = {isa = PBXFileReference; fileEncoding = 4; lastKnownFileType = sourcecode.c.objc; path = DDRange.m; sourceTree = "<group>"; };
		885BB93A17237B940077DC8F /* HTTPAuthenticationRequest.h */ = {isa = PBXFileReference; fileEncoding = 4; lastKnownFileType = sourcecode.c.h; path = HTTPAuthenticationRequest.h; sourceTree = "<group>"; };
		885BB93B17237B940077DC8F /* HTTPAuthenticationRequest.m */ = {isa = PBXFileReference; fileEncoding = 4; lastKnownFileType = sourcecode.c.objc; path = HTTPAuthenticationRequest.m; sourceTree = "<group>"; };
		885BB93C17237B940077DC8F /* HTTPConnection.h */ = {isa = PBXFileReference; fileEncoding = 4; lastKnownFileType = sourcecode.c.h; path = HTTPConnection.h; sourceTree = "<group>"; };
		885BB93D17237B940077DC8F /* HTTPConnection.m */ = {isa = PBXFileReference; fileEncoding = 4; lastKnownFileType = sourcecode.c.objc; path = HTTPConnection.m; sourceTree = "<group>"; };
		885BB93E17237B940077DC8F /* HTTPLogging.h */ = {isa = PBXFileReference; fileEncoding = 4; lastKnownFileType = sourcecode.c.h; path = HTTPLogging.h; sourceTree = "<group>"; };
		885BB93F17237B940077DC8F /* HTTPMessage.h */ = {isa = PBXFileReference; fileEncoding = 4; lastKnownFileType = sourcecode.c.h; path = HTTPMessage.h; sourceTree = "<group>"; };
		885BB94017237B940077DC8F /* HTTPMessage.m */ = {isa = PBXFileReference; fileEncoding = 4; lastKnownFileType = sourcecode.c.objc; path = HTTPMessage.m; sourceTree = "<group>"; };
		885BB94117237B940077DC8F /* HTTPResponse.h */ = {isa = PBXFileReference; fileEncoding = 4; lastKnownFileType = sourcecode.c.h; path = HTTPResponse.h; sourceTree = "<group>"; };
		885BB94217237B940077DC8F /* HTTPServer.h */ = {isa = PBXFileReference; fileEncoding = 4; lastKnownFileType = sourcecode.c.h; path = HTTPServer.h; sourceTree = "<group>"; };
		885BB94317237B940077DC8F /* HTTPServer.m */ = {isa = PBXFileReference; fileEncoding = 4; lastKnownFileType = sourcecode.c.objc; path = HTTPServer.m; sourceTree = "<group>"; };
		885BB94517237B940077DC8F /* MultipartFormDataParser.h */ = {isa = PBXFileReference; fileEncoding = 4; lastKnownFileType = sourcecode.c.h; path = MultipartFormDataParser.h; sourceTree = "<group>"; };
		885BB94617237B940077DC8F /* MultipartFormDataParser.m */ = {isa = PBXFileReference; fileEncoding = 4; lastKnownFileType = sourcecode.c.objc; path = MultipartFormDataParser.m; sourceTree = "<group>"; };
		885BB94717237B940077DC8F /* MultipartMessageHeader.h */ = {isa = PBXFileReference; fileEncoding = 4; lastKnownFileType = sourcecode.c.h; path = MultipartMessageHeader.h; sourceTree = "<group>"; };
		885BB94817237B940077DC8F /* MultipartMessageHeader.m */ = {isa = PBXFileReference; fileEncoding = 4; lastKnownFileType = sourcecode.c.objc; path = MultipartMessageHeader.m; sourceTree = "<group>"; };
		885BB94917237B940077DC8F /* MultipartMessageHeaderField.h */ = {isa = PBXFileReference; fileEncoding = 4; lastKnownFileType = sourcecode.c.h; path = MultipartMessageHeaderField.h; sourceTree = "<group>"; };
		885BB94A17237B940077DC8F /* MultipartMessageHeaderField.m */ = {isa = PBXFileReference; fileEncoding = 4; lastKnownFileType = sourcecode.c.objc; path = MultipartMessageHeaderField.m; sourceTree = "<group>"; };
		885BB94C17237B940077DC8F /* HTTPAsyncFileResponse.h */ = {isa = PBXFileReference; fileEncoding = 4; lastKnownFileType = sourcecode.c.h; path = HTTPAsyncFileResponse.h; sourceTree = "<group>"; };
		885BB94D17237B940077DC8F /* HTTPAsyncFileResponse.m */ = {isa = PBXFileReference; fileEncoding = 4; lastKnownFileType = sourcecode.c.objc; path = HTTPAsyncFileResponse.m; sourceTree = "<group>"; };
		885BB94E17237B940077DC8F /* HTTPDataResponse.h */ = {isa = PBXFileReference; fileEncoding = 4; lastKnownFileType = sourcecode.c.h; path = HTTPDataResponse.h; sourceTree = "<group>"; };
		885BB94F17237B940077DC8F /* HTTPDataResponse.m */ = {isa = PBXFileReference; fileEncoding = 4; lastKnownFileType = sourcecode.c.objc; path = HTTPDataResponse.m; sourceTree = "<group>"; };
		885BB95017237B940077DC8F /* HTTPDynamicFileResponse.h */ = {isa = PBXFileReference; fileEncoding = 4; lastKnownFileType = sourcecode.c.h; path = HTTPDynamicFileResponse.h; sourceTree = "<group>"; };
		885BB95117237B940077DC8F /* HTTPDynamicFileResponse.m */ = {isa = PBXFileReference; fileEncoding = 4; lastKnownFileType = sourcecode.c.objc; path = HTTPDynamicFileResponse.m; sourceTree = "<group>"; };
		885BB95217237B940077DC8F /* HTTPErrorResponse.h */ = {isa = PBXFileReference; fileEncoding = 4; lastKnownFileType = sourcecode.c.h; path = HTTPErrorResponse.h; sourceTree = "<group>"; };
		885BB95317237B940077DC8F /* HTTPErrorResponse.m */ = {isa = PBXFileReference; fileEncoding = 4; lastKnownFileType = sourcecode.c.objc; path = HTTPErrorResponse.m; sourceTree = "<group>"; };
		885BB95417237B940077DC8F /* HTTPFileResponse.h */ = {isa = PBXFileReference; fileEncoding = 4; lastKnownFileType = sourcecode.c.h; path = HTTPFileResponse.h; sourceTree = "<group>"; };
		885BB95517237B940077DC8F /* HTTPFileResponse.m */ = {isa = PBXFileReference; fileEncoding = 4; lastKnownFileType = sourcecode.c.objc; path = HTTPFileResponse.m; sourceTree = "<group>"; };
		885BB95617237B940077DC8F /* HTTPRedirectResponse.h */ = {isa = PBXFileReference; fileEncoding = 4; lastKnownFileType = sourcecode.c.h; path = HTTPRedirectResponse.h; sourceTree = "<group>"; };
		885BB95717237B940077DC8F /* HTTPRedirectResponse.m */ = {isa = PBXFileReference; fileEncoding = 4; lastKnownFileType = sourcecode.c.objc; path = HTTPRedirectResponse.m; sourceTree = "<group>"; };
		885BB95817237B940077DC8F /* WebSocket.h */ = {isa = PBXFileReference; fileEncoding = 4; lastKnownFileType = sourcecode.c.h; path = WebSocket.h; sourceTree = "<group>"; };
		885BB95917237B940077DC8F /* WebSocket.m */ = {isa = PBXFileReference; fileEncoding = 4; lastKnownFileType = sourcecode.c.objc; path = WebSocket.m; sourceTree = "<group>"; };
		885BB97E17237BA60077DC8F /* DDLog.h */ = {isa = PBXFileReference; fileEncoding = 4; lastKnownFileType = sourcecode.c.h; name = DDLog.h; path = External/CocoaLumberjack/Lumberjack/DDLog.h; sourceTree = "<group>"; };
		885BB97F17237BA60077DC8F /* DDLog.m */ = {isa = PBXFileReference; fileEncoding = 4; lastKnownFileType = sourcecode.c.objc; name = DDLog.m; path = External/CocoaLumberjack/Lumberjack/DDLog.m; sourceTree = "<group>"; };
		885BB99317237D0E0077DC8F /* Security.framework */ = {isa = PBXFileReference; lastKnownFileType = wrapper.framework; name = Security.framework; path = System/Library/Frameworks/Security.framework; sourceTree = SDKROOT; };
		88DE7E99177E207D00D56754 /* RSMResponse.h */ = {isa = PBXFileReference; fileEncoding = 4; lastKnownFileType = sourcecode.c.h; path = RSMResponse.h; sourceTree = "<group>"; };
		88DE7E9A177E207D00D56754 /* RSMResponse.m */ = {isa = PBXFileReference; fileEncoding = 4; lastKnownFileType = sourcecode.c.objc; path = RSMResponse.m; sourceTree = "<group>"; };
		BE659FEE196AEF5A00D53192 /* XCTest.framework */ = {isa = PBXFileReference; lastKnownFileType = wrapper.framework; name = XCTest.framework; path = Library/Frameworks/XCTest.framework; sourceTree = DEVELOPER_DIR; };
		D4ACA56518DBA9C300EBD899 /* ReactiveCocoa.framework */ = {isa = PBXFileReference; lastKnownFileType = wrapper.framework; name = ReactiveCocoa.framework; path = External/ReactiveCocoa/ReactiveCocoaFramework/build/Debug/ReactiveCocoa.framework; sourceTree = "<group>"; };
/* End PBXFileReference section */

/* Begin PBXFrameworksBuildPhase section */
		885BB8EA17237A710077DC8F /* Frameworks */ = {
			isa = PBXFrameworksBuildPhase;
			buildActionMask = 2147483647;
			files = (
				885BB99417237D0E0077DC8F /* Security.framework in Frameworks */,
				885BB8F217237A710077DC8F /* Cocoa.framework in Frameworks */,
				D4ACA56618DBA9C300EBD899 /* ReactiveCocoa.framework in Frameworks */,
			);
			runOnlyForDeploymentPostprocessing = 0;
		};
		885BB90217237A710077DC8F /* Frameworks */ = {
			isa = PBXFrameworksBuildPhase;
			buildActionMask = 2147483647;
			files = (
				BE659FEF196AEF5A00D53192 /* XCTest.framework in Frameworks */,
				885BB90917237A710077DC8F /* Cocoa.framework in Frameworks */,
				885BB90C17237A710077DC8F /* RockemSockem.framework in Frameworks */,
			);
			runOnlyForDeploymentPostprocessing = 0;
		};
/* End PBXFrameworksBuildPhase section */

/* Begin PBXGroup section */
		882438E9177B7EDC0071C196 /* xcconfigs */ = {
			isa = PBXGroup;
			children = (
				882438EA177B7EDC0071C196 /* Base */,
				882438F4177B7EDC0071C196 /* Mac OS X */,
				882438FA177B7EDC0071C196 /* README.md */,
				882438FB177B7EDC0071C196 /* iOS */,
			);
			name = xcconfigs;
			path = External/ReactiveCocoa/external/xcconfigs;
			sourceTree = "<group>";
		};
		882438EA177B7EDC0071C196 /* Base */ = {
			isa = PBXGroup;
			children = (
				882438EB177B7EDC0071C196 /* Common.xcconfig */,
				882438EC177B7EDC0071C196 /* Configurations */,
				882438F1177B7EDC0071C196 /* Targets */,
			);
			path = Base;
			sourceTree = "<group>";
		};
		882438EC177B7EDC0071C196 /* Configurations */ = {
			isa = PBXGroup;
			children = (
				882438ED177B7EDC0071C196 /* Debug.xcconfig */,
				882438EE177B7EDC0071C196 /* Profile.xcconfig */,
				882438EF177B7EDC0071C196 /* Release.xcconfig */,
				882438F0177B7EDC0071C196 /* Test.xcconfig */,
			);
			path = Configurations;
			sourceTree = "<group>";
		};
		882438F1177B7EDC0071C196 /* Targets */ = {
			isa = PBXGroup;
			children = (
				882438F2177B7EDC0071C196 /* Application.xcconfig */,
				882438F3177B7EDC0071C196 /* StaticLibrary.xcconfig */,
			);
			path = Targets;
			sourceTree = "<group>";
		};
		882438F4177B7EDC0071C196 /* Mac OS X */ = {
			isa = PBXGroup;
			children = (
				882438F5177B7EDC0071C196 /* Mac-Application.xcconfig */,
				882438F6177B7EDC0071C196 /* Mac-Base.xcconfig */,
				882438F7177B7EDC0071C196 /* Mac-DynamicLibrary.xcconfig */,
				882438F8177B7EDC0071C196 /* Mac-Framework.xcconfig */,
				882438F9177B7EDC0071C196 /* Mac-StaticLibrary.xcconfig */,
			);
			path = "Mac OS X";
			sourceTree = "<group>";
		};
		882438FB177B7EDC0071C196 /* iOS */ = {
			isa = PBXGroup;
			children = (
				882438FC177B7EDC0071C196 /* iOS-Application.xcconfig */,
				882438FD177B7EDC0071C196 /* iOS-Base.xcconfig */,
				882438FE177B7EDC0071C196 /* iOS-StaticLibrary.xcconfig */,
			);
			path = iOS;
			sourceTree = "<group>";
		};
		885BB8E417237A700077DC8F = {
			isa = PBXGroup;
			children = (
				885BB8F717237A710077DC8F /* RockemSockem */,
				885BB90D17237A710077DC8F /* RockemSockemTests */,
				885BB8F017237A710077DC8F /* Frameworks */,
				882438E9177B7EDC0071C196 /* xcconfigs */,
				885BB8EF17237A710077DC8F /* Products */,
			);
			sourceTree = "<group>";
		};
		885BB8EF17237A710077DC8F /* Products */ = {
			isa = PBXGroup;
			children = (
				885BB8EE17237A710077DC8F /* RockemSockem.framework */,
				885BB90617237A710077DC8F /* RockemSockemTests.xctest */,
			);
			name = Products;
			sourceTree = "<group>";
		};
		885BB8F017237A710077DC8F /* Frameworks */ = {
			isa = PBXGroup;
			children = (
				BE659FEE196AEF5A00D53192 /* XCTest.framework */,
				D4ACA56518DBA9C300EBD899 /* ReactiveCocoa.framework */,
				885BB93217237B940077DC8F /* CocoaHTTPServer */,
				885BB92E17237B8A0077DC8F /* GCDAsyncSocket.h */,
				885BB92F17237B8A0077DC8F /* GCDAsyncSocket.m */,
				885BB97E17237BA60077DC8F /* DDLog.h */,
				885BB97F17237BA60077DC8F /* DDLog.m */,
				885BB99317237D0E0077DC8F /* Security.framework */,
				885BB8F117237A710077DC8F /* Cocoa.framework */,
				885BB8F317237A710077DC8F /* Other Frameworks */,
			);
			name = Frameworks;
			sourceTree = "<group>";
		};
		885BB8F317237A710077DC8F /* Other Frameworks */ = {
			isa = PBXGroup;
			children = (
				885BB8F417237A710077DC8F /* AppKit.framework */,
				885BB8F517237A710077DC8F /* CoreData.framework */,
				885BB8F617237A710077DC8F /* Foundation.framework */,
			);
			name = "Other Frameworks";
			sourceTree = "<group>";
		};
		885BB8F717237A710077DC8F /* RockemSockem */ = {
			isa = PBXGroup;
			children = (
				885BB8FE17237A710077DC8F /* RockemSockem.h */,
				885BB91E17237A8B0077DC8F /* RSMServer.h */,
				885BB92017237A8B0077DC8F /* RSMServer+Private.h */,
				885BB91F17237A8B0077DC8F /* RSMServer.m */,
				885BB92117237A8B0077DC8F /* RSMConnection.h */,
				885BB92217237A8B0077DC8F /* RSMConnection.m */,
				885BB92317237A8B0077DC8F /* RSMWebSocket.h */,
				885BB92517237A8B0077DC8F /* RSMWebSocket+Private.h */,
				885BB92417237A8B0077DC8F /* RSMWebSocket.m */,
				88DE7E99177E207D00D56754 /* RSMResponse.h */,
				88DE7E9A177E207D00D56754 /* RSMResponse.m */,
				885BB8F817237A710077DC8F /* Supporting Files */,
			);
			path = RockemSockem;
			sourceTree = "<group>";
		};
		885BB8F817237A710077DC8F /* Supporting Files */ = {
			isa = PBXGroup;
			children = (
				885BB8F917237A710077DC8F /* RockemSockem-Info.plist */,
				885BB8FA17237A710077DC8F /* InfoPlist.strings */,
				885BB8FD17237A710077DC8F /* RockemSockem-Prefix.pch */,
			);
			name = "Supporting Files";
			sourceTree = "<group>";
		};
		885BB90D17237A710077DC8F /* RockemSockemTests */ = {
			isa = PBXGroup;
			children = (
				885BB90E17237A710077DC8F /* Supporting Files */,
			);
			path = RockemSockemTests;
			sourceTree = "<group>";
		};
		885BB90E17237A710077DC8F /* Supporting Files */ = {
			isa = PBXGroup;
			children = (
				885BB90F17237A710077DC8F /* RockemSockemTests-Info.plist */,
				885BB91017237A710077DC8F /* InfoPlist.strings */,
			);
			name = "Supporting Files";
			sourceTree = "<group>";
		};
		885BB93217237B940077DC8F /* CocoaHTTPServer */ = {
			isa = PBXGroup;
			children = (
				885BB93317237B940077DC8F /* Categories */,
				885BB93A17237B940077DC8F /* HTTPAuthenticationRequest.h */,
				885BB93B17237B940077DC8F /* HTTPAuthenticationRequest.m */,
				885BB93C17237B940077DC8F /* HTTPConnection.h */,
				885BB93D17237B940077DC8F /* HTTPConnection.m */,
				885BB93E17237B940077DC8F /* HTTPLogging.h */,
				885BB93F17237B940077DC8F /* HTTPMessage.h */,
				885BB94017237B940077DC8F /* HTTPMessage.m */,
				885BB94117237B940077DC8F /* HTTPResponse.h */,
				885BB94217237B940077DC8F /* HTTPServer.h */,
				885BB94317237B940077DC8F /* HTTPServer.m */,
				885BB94417237B940077DC8F /* Mime */,
				885BB94B17237B940077DC8F /* Responses */,
				885BB95817237B940077DC8F /* WebSocket.h */,
				885BB95917237B940077DC8F /* WebSocket.m */,
			);
			name = CocoaHTTPServer;
			path = External/CocoaHTTPServer/Core;
			sourceTree = "<group>";
		};
		885BB93317237B940077DC8F /* Categories */ = {
			isa = PBXGroup;
			children = (
				885BB93417237B940077DC8F /* DDData.h */,
				885BB93517237B940077DC8F /* DDData.m */,
				885BB93617237B940077DC8F /* DDNumber.h */,
				885BB93717237B940077DC8F /* DDNumber.m */,
				885BB93817237B940077DC8F /* DDRange.h */,
				885BB93917237B940077DC8F /* DDRange.m */,
			);
			path = Categories;
			sourceTree = "<group>";
		};
		885BB94417237B940077DC8F /* Mime */ = {
			isa = PBXGroup;
			children = (
				885BB94517237B940077DC8F /* MultipartFormDataParser.h */,
				885BB94617237B940077DC8F /* MultipartFormDataParser.m */,
				885BB94717237B940077DC8F /* MultipartMessageHeader.h */,
				885BB94817237B940077DC8F /* MultipartMessageHeader.m */,
				885BB94917237B940077DC8F /* MultipartMessageHeaderField.h */,
				885BB94A17237B940077DC8F /* MultipartMessageHeaderField.m */,
			);
			path = Mime;
			sourceTree = "<group>";
		};
		885BB94B17237B940077DC8F /* Responses */ = {
			isa = PBXGroup;
			children = (
				885BB94C17237B940077DC8F /* HTTPAsyncFileResponse.h */,
				885BB94D17237B940077DC8F /* HTTPAsyncFileResponse.m */,
				885BB94E17237B940077DC8F /* HTTPDataResponse.h */,
				885BB94F17237B940077DC8F /* HTTPDataResponse.m */,
				885BB95017237B940077DC8F /* HTTPDynamicFileResponse.h */,
				885BB95117237B940077DC8F /* HTTPDynamicFileResponse.m */,
				885BB95217237B940077DC8F /* HTTPErrorResponse.h */,
				885BB95317237B940077DC8F /* HTTPErrorResponse.m */,
				885BB95417237B940077DC8F /* HTTPFileResponse.h */,
				885BB95517237B940077DC8F /* HTTPFileResponse.m */,
				885BB95617237B940077DC8F /* HTTPRedirectResponse.h */,
				885BB95717237B940077DC8F /* HTTPRedirectResponse.m */,
			);
			path = Responses;
			sourceTree = "<group>";
		};
/* End PBXGroup section */

/* Begin PBXHeadersBuildPhase section */
		885BB8EB17237A710077DC8F /* Headers */ = {
			isa = PBXHeadersBuildPhase;
			buildActionMask = 2147483647;
			files = (
				885BB99517237E000077DC8F /* RockemSockem.h in Headers */,
				885BB92617237A8B0077DC8F /* RSMServer.h in Headers */,
				885BB92B17237A8B0077DC8F /* RSMWebSocket.h in Headers */,
				885BB96817237B940077DC8F /* HTTPServer.h in Headers */,
				885BB97C17237B940077DC8F /* WebSocket.h in Headers */,
				88DE7E9B177E207D00D56754 /* RSMResponse.h in Headers */,
				885BB97217237B940077DC8F /* HTTPDataResponse.h in Headers */,
				885BB96717237B940077DC8F /* HTTPResponse.h in Headers */,
				885BB96517237B940077DC8F /* HTTPMessage.h in Headers */,
				885BB92817237A8B0077DC8F /* RSMServer+Private.h in Headers */,
				885BB92917237A8B0077DC8F /* RSMConnection.h in Headers */,
				885BB92D17237A8B0077DC8F /* RSMWebSocket+Private.h in Headers */,
				885BB93017237B8A0077DC8F /* GCDAsyncSocket.h in Headers */,
				885BB95A17237B940077DC8F /* DDData.h in Headers */,
				885BB95C17237B940077DC8F /* DDNumber.h in Headers */,
				885BB95E17237B940077DC8F /* DDRange.h in Headers */,
				885BB96017237B940077DC8F /* HTTPAuthenticationRequest.h in Headers */,
				885BB96217237B940077DC8F /* HTTPConnection.h in Headers */,
				885BB96417237B940077DC8F /* HTTPLogging.h in Headers */,
				885BB96A17237B940077DC8F /* MultipartFormDataParser.h in Headers */,
				885BB96C17237B940077DC8F /* MultipartMessageHeader.h in Headers */,
				885BB96E17237B940077DC8F /* MultipartMessageHeaderField.h in Headers */,
				885BB97017237B940077DC8F /* HTTPAsyncFileResponse.h in Headers */,
				885BB97417237B940077DC8F /* HTTPDynamicFileResponse.h in Headers */,
				885BB97617237B940077DC8F /* HTTPErrorResponse.h in Headers */,
				885BB97817237B940077DC8F /* HTTPFileResponse.h in Headers */,
				885BB97A17237B940077DC8F /* HTTPRedirectResponse.h in Headers */,
				885BB98017237BA60077DC8F /* DDLog.h in Headers */,
			);
			runOnlyForDeploymentPostprocessing = 0;
		};
/* End PBXHeadersBuildPhase section */

/* Begin PBXNativeTarget section */
		885BB8ED17237A710077DC8F /* RockemSockem */ = {
			isa = PBXNativeTarget;
			buildConfigurationList = 885BB91817237A710077DC8F /* Build configuration list for PBXNativeTarget "RockemSockem" */;
			buildPhases = (
				885BB8E917237A710077DC8F /* Sources */,
				885BB8EA17237A710077DC8F /* Frameworks */,
				885BB8EB17237A710077DC8F /* Headers */,
				885BB8EC17237A710077DC8F /* Resources */,
			);
			buildRules = (
			);
			dependencies = (
			);
			name = RockemSockem;
			productName = RockemSockem;
			productReference = 885BB8EE17237A710077DC8F /* RockemSockem.framework */;
			productType = "com.apple.product-type.framework";
		};
		885BB90517237A710077DC8F /* RockemSockemTests */ = {
			isa = PBXNativeTarget;
			buildConfigurationList = 885BB91B17237A710077DC8F /* Build configuration list for PBXNativeTarget "RockemSockemTests" */;
			buildPhases = (
				885BB90117237A710077DC8F /* Sources */,
				885BB90217237A710077DC8F /* Frameworks */,
				885BB90317237A710077DC8F /* Resources */,
			);
			buildRules = (
			);
			dependencies = (
				885BB90B17237A710077DC8F /* PBXTargetDependency */,
			);
			name = RockemSockemTests;
			productName = RockemSockemTests;
			productReference = 885BB90617237A710077DC8F /* RockemSockemTests.xctest */;
			productType = "com.apple.product-type.bundle.unit-test";
		};
/* End PBXNativeTarget section */

/* Begin PBXProject section */
		885BB8E517237A700077DC8F /* Project object */ = {
			isa = PBXProject;
			attributes = {
				LastTestingUpgradeCheck = 0510;
				LastUpgradeCheck = 0510;
				ORGANIZATIONNAME = "Josh Abernathy";
			};
			buildConfigurationList = 885BB8E817237A700077DC8F /* Build configuration list for PBXProject "RockemSockem" */;
			compatibilityVersion = "Xcode 3.2";
			developmentRegion = English;
			hasScannedForEncodings = 0;
			knownRegions = (
				en,
			);
			mainGroup = 885BB8E417237A700077DC8F;
			productRefGroup = 885BB8EF17237A710077DC8F /* Products */;
			projectDirPath = "";
			projectRoot = "";
			targets = (
				885BB8ED17237A710077DC8F /* RockemSockem */,
				885BB90517237A710077DC8F /* RockemSockemTests */,
			);
		};
/* End PBXProject section */

/* Begin PBXResourcesBuildPhase section */
		885BB8EC17237A710077DC8F /* Resources */ = {
			isa = PBXResourcesBuildPhase;
			buildActionMask = 2147483647;
			files = (
				885BB8FC17237A710077DC8F /* InfoPlist.strings in Resources */,
			);
			runOnlyForDeploymentPostprocessing = 0;
		};
		885BB90317237A710077DC8F /* Resources */ = {
			isa = PBXResourcesBuildPhase;
			buildActionMask = 2147483647;
			files = (
				885BB91217237A710077DC8F /* InfoPlist.strings in Resources */,
			);
			runOnlyForDeploymentPostprocessing = 0;
		};
/* End PBXResourcesBuildPhase section */

/* Begin PBXSourcesBuildPhase section */
		885BB8E917237A710077DC8F /* Sources */ = {
			isa = PBXSourcesBuildPhase;
			buildActionMask = 2147483647;
			files = (
				885BB92717237A8B0077DC8F /* RSMServer.m in Sources */,
				885BB92A17237A8B0077DC8F /* RSMConnection.m in Sources */,
				885BB92C17237A8B0077DC8F /* RSMWebSocket.m in Sources */,
				88DE7E9C177E207D00D56754 /* RSMResponse.m in Sources */,
				885BB93117237B8A0077DC8F /* GCDAsyncSocket.m in Sources */,
				885BB95B17237B940077DC8F /* DDData.m in Sources */,
				885BB95D17237B940077DC8F /* DDNumber.m in Sources */,
				885BB95F17237B940077DC8F /* DDRange.m in Sources */,
				885BB96117237B940077DC8F /* HTTPAuthenticationRequest.m in Sources */,
				885BB96317237B940077DC8F /* HTTPConnection.m in Sources */,
				885BB96617237B940077DC8F /* HTTPMessage.m in Sources */,
				885BB96917237B940077DC8F /* HTTPServer.m in Sources */,
				885BB96B17237B940077DC8F /* MultipartFormDataParser.m in Sources */,
				885BB96D17237B940077DC8F /* MultipartMessageHeader.m in Sources */,
				885BB96F17237B940077DC8F /* MultipartMessageHeaderField.m in Sources */,
				885BB97117237B940077DC8F /* HTTPAsyncFileResponse.m in Sources */,
				885BB97317237B940077DC8F /* HTTPDataResponse.m in Sources */,
				885BB97517237B940077DC8F /* HTTPDynamicFileResponse.m in Sources */,
				885BB97717237B940077DC8F /* HTTPErrorResponse.m in Sources */,
				885BB97917237B940077DC8F /* HTTPFileResponse.m in Sources */,
				885BB97B17237B940077DC8F /* HTTPRedirectResponse.m in Sources */,
				885BB97D17237B940077DC8F /* WebSocket.m in Sources */,
				885BB98117237BA60077DC8F /* DDLog.m in Sources */,
			);
			runOnlyForDeploymentPostprocessing = 0;
		};
		885BB90117237A710077DC8F /* Sources */ = {
			isa = PBXSourcesBuildPhase;
			buildActionMask = 2147483647;
			files = (
			);
			runOnlyForDeploymentPostprocessing = 0;
		};
/* End PBXSourcesBuildPhase section */

/* Begin PBXTargetDependency section */
		885BB90B17237A710077DC8F /* PBXTargetDependency */ = {
			isa = PBXTargetDependency;
			target = 885BB8ED17237A710077DC8F /* RockemSockem */;
			targetProxy = 885BB90A17237A710077DC8F /* PBXContainerItemProxy */;
		};
/* End PBXTargetDependency section */

/* Begin PBXVariantGroup section */
		885BB8FA17237A710077DC8F /* InfoPlist.strings */ = {
			isa = PBXVariantGroup;
			children = (
				885BB8FB17237A710077DC8F /* en */,
			);
			name = InfoPlist.strings;
			sourceTree = "<group>";
		};
		885BB91017237A710077DC8F /* InfoPlist.strings */ = {
			isa = PBXVariantGroup;
			children = (
				885BB91117237A710077DC8F /* en */,
			);
			name = InfoPlist.strings;
			sourceTree = "<group>";
		};
/* End PBXVariantGroup section */

/* Begin XCBuildConfiguration section */
		88036D0F17273B6700ABBE70 /* Profile */ = {
			isa = XCBuildConfiguration;
			baseConfigurationReference = 882438EE177B7EDC0071C196 /* Profile.xcconfig */;
			buildSettings = {
				ALWAYS_SEARCH_USER_PATHS = NO;
				CLANG_CXX_LANGUAGE_STANDARD = "gnu++0x";
				CLANG_CXX_LIBRARY = "libc++";
				CLANG_ENABLE_OBJC_ARC = YES;
				CLANG_WARN_CONSTANT_CONVERSION = YES;
				CLANG_WARN_EMPTY_BODY = YES;
				CLANG_WARN_ENUM_CONVERSION = YES;
				CLANG_WARN_INT_CONVERSION = YES;
				CLANG_WARN__DUPLICATE_METHOD_MATCH = YES;
				COPY_PHASE_STRIP = YES;
				DEBUG_INFORMATION_FORMAT = "dwarf-with-dsym";
				GCC_C_LANGUAGE_STANDARD = gnu99;
				GCC_ENABLE_OBJC_EXCEPTIONS = YES;
				GCC_WARN_64_TO_32_BIT_CONVERSION = YES;
				GCC_WARN_ABOUT_RETURN_TYPE = YES;
				GCC_WARN_UNINITIALIZED_AUTOS = YES;
				GCC_WARN_UNUSED_VARIABLE = YES;
				MACOSX_DEPLOYMENT_TARGET = 10.8;
				OTHER_CFLAGS = (
					"-Wall",
					"-Werror",
				);
				RUN_CLANG_STATIC_ANALYZER = YES;
				SDKROOT = macosx;
				VALID_ARCHS = x86_64;
			};
			name = Profile;
		};
		88036D1017273B6700ABBE70 /* Profile */ = {
			isa = XCBuildConfiguration;
			baseConfigurationReference = 882438F8177B7EDC0071C196 /* Mac-Framework.xcconfig */;
			buildSettings = {
				COMBINE_HIDPI_IMAGES = YES;
				DYLIB_COMPATIBILITY_VERSION = 1;
				DYLIB_CURRENT_VERSION = 1;
				FRAMEWORK_VERSION = A;
				GCC_PRECOMPILE_PREFIX_HEADER = YES;
				GCC_PREFIX_HEADER = "RockemSockem/RockemSockem-Prefix.pch";
				INFOPLIST_FILE = "RockemSockem/RockemSockem-Info.plist";
				PRODUCT_NAME = "$(TARGET_NAME)";
				WRAPPER_EXTENSION = framework;
			};
			name = Profile;
		};
		88036D1117273B6700ABBE70 /* Profile */ = {
			isa = XCBuildConfiguration;
			baseConfigurationReference = 882438F8177B7EDC0071C196 /* Mac-Framework.xcconfig */;
			buildSettings = {
				COMBINE_HIDPI_IMAGES = YES;
				FRAMEWORK_SEARCH_PATHS = "\"$(DEVELOPER_LIBRARY_DIR)/Frameworks\"";
				GCC_PRECOMPILE_PREFIX_HEADER = YES;
				GCC_PREFIX_HEADER = "RockemSockem/RockemSockem-Prefix.pch";
				INFOPLIST_FILE = "RockemSockemTests/RockemSockemTests-Info.plist";
				PRODUCT_NAME = "$(TARGET_NAME)";
			};
			name = Profile;
		};
		885BB91617237A710077DC8F /* Debug */ = {
			isa = XCBuildConfiguration;
			baseConfigurationReference = 882438ED177B7EDC0071C196 /* Debug.xcconfig */;
			buildSettings = {
				ALWAYS_SEARCH_USER_PATHS = NO;
				CLANG_CXX_LANGUAGE_STANDARD = "gnu++0x";
				CLANG_CXX_LIBRARY = "libc++";
				CLANG_ENABLE_OBJC_ARC = YES;
				CLANG_WARN_CONSTANT_CONVERSION = YES;
				CLANG_WARN_EMPTY_BODY = YES;
				CLANG_WARN_ENUM_CONVERSION = YES;
				CLANG_WARN_INT_CONVERSION = YES;
				CLANG_WARN__DUPLICATE_METHOD_MATCH = YES;
				COPY_PHASE_STRIP = NO;
				GCC_C_LANGUAGE_STANDARD = gnu99;
				GCC_DYNAMIC_NO_PIC = NO;
				GCC_ENABLE_OBJC_EXCEPTIONS = YES;
				GCC_OPTIMIZATION_LEVEL = 0;
				GCC_PREPROCESSOR_DEFINITIONS = (
					"DEBUG=1",
					"$(inherited)",
				);
				GCC_SYMBOLS_PRIVATE_EXTERN = NO;
				GCC_WARN_64_TO_32_BIT_CONVERSION = YES;
				GCC_WARN_ABOUT_RETURN_TYPE = YES;
				GCC_WARN_UNINITIALIZED_AUTOS = YES;
				GCC_WARN_UNUSED_VARIABLE = YES;
				MACOSX_DEPLOYMENT_TARGET = 10.8;
				ONLY_ACTIVE_ARCH = YES;
				OTHER_CFLAGS = (
					"-Wall",
					"-Werror",
				);
				RUN_CLANG_STATIC_ANALYZER = YES;
				SDKROOT = macosx;
				VALID_ARCHS = x86_64;
			};
			name = Debug;
		};
		885BB91717237A710077DC8F /* Release */ = {
			isa = XCBuildConfiguration;
			baseConfigurationReference = 882438EF177B7EDC0071C196 /* Release.xcconfig */;
			buildSettings = {
				ALWAYS_SEARCH_USER_PATHS = NO;
				CLANG_CXX_LANGUAGE_STANDARD = "gnu++0x";
				CLANG_CXX_LIBRARY = "libc++";
				CLANG_ENABLE_OBJC_ARC = YES;
				CLANG_WARN_CONSTANT_CONVERSION = YES;
				CLANG_WARN_EMPTY_BODY = YES;
				CLANG_WARN_ENUM_CONVERSION = YES;
				CLANG_WARN_INT_CONVERSION = YES;
				CLANG_WARN__DUPLICATE_METHOD_MATCH = YES;
				COPY_PHASE_STRIP = YES;
				DEBUG_INFORMATION_FORMAT = "dwarf-with-dsym";
				GCC_C_LANGUAGE_STANDARD = gnu99;
				GCC_ENABLE_OBJC_EXCEPTIONS = YES;
				GCC_WARN_64_TO_32_BIT_CONVERSION = YES;
				GCC_WARN_ABOUT_RETURN_TYPE = YES;
				GCC_WARN_UNINITIALIZED_AUTOS = YES;
				GCC_WARN_UNUSED_VARIABLE = YES;
				MACOSX_DEPLOYMENT_TARGET = 10.8;
				OTHER_CFLAGS = (
					"-Wall",
					"-Werror",
				);
				RUN_CLANG_STATIC_ANALYZER = YES;
				SDKROOT = macosx;
				VALID_ARCHS = x86_64;
			};
			name = Release;
		};
		885BB91917237A710077DC8F /* Debug */ = {
			isa = XCBuildConfiguration;
			baseConfigurationReference = 882438F8177B7EDC0071C196 /* Mac-Framework.xcconfig */;
			buildSettings = {
				COMBINE_HIDPI_IMAGES = YES;
				DYLIB_COMPATIBILITY_VERSION = 1;
				DYLIB_CURRENT_VERSION = 1;
				FRAMEWORK_VERSION = A;
				GCC_PRECOMPILE_PREFIX_HEADER = YES;
				GCC_PREFIX_HEADER = "RockemSockem/RockemSockem-Prefix.pch";
				INFOPLIST_FILE = "RockemSockem/RockemSockem-Info.plist";
				PRODUCT_NAME = "$(TARGET_NAME)";
				WRAPPER_EXTENSION = framework;
			};
			name = Debug;
		};
		885BB91A17237A710077DC8F /* Release */ = {
			isa = XCBuildConfiguration;
			baseConfigurationReference = 882438F8177B7EDC0071C196 /* Mac-Framework.xcconfig */;
			buildSettings = {
				COMBINE_HIDPI_IMAGES = YES;
				DYLIB_COMPATIBILITY_VERSION = 1;
				DYLIB_CURRENT_VERSION = 1;
				FRAMEWORK_VERSION = A;
				GCC_PRECOMPILE_PREFIX_HEADER = YES;
				GCC_PREFIX_HEADER = "RockemSockem/RockemSockem-Prefix.pch";
				INFOPLIST_FILE = "RockemSockem/RockemSockem-Info.plist";
				PRODUCT_NAME = "$(TARGET_NAME)";
				WRAPPER_EXTENSION = framework;
			};
			name = Release;
		};
		885BB91C17237A710077DC8F /* Debug */ = {
			isa = XCBuildConfiguration;
			baseConfigurationReference = 882438F8177B7EDC0071C196 /* Mac-Framework.xcconfig */;
			buildSettings = {
				COMBINE_HIDPI_IMAGES = YES;
				FRAMEWORK_SEARCH_PATHS = "\"$(DEVELOPER_LIBRARY_DIR)/Frameworks\"";
				GCC_PRECOMPILE_PREFIX_HEADER = YES;
				GCC_PREFIX_HEADER = "RockemSockem/RockemSockem-Prefix.pch";
				INFOPLIST_FILE = "RockemSockemTests/RockemSockemTests-Info.plist";
				PRODUCT_NAME = "$(TARGET_NAME)";
			};
			name = Debug;
		};
		885BB91D17237A710077DC8F /* Release */ = {
			isa = XCBuildConfiguration;
			baseConfigurationReference = 882438F8177B7EDC0071C196 /* Mac-Framework.xcconfig */;
			buildSettings = {
				COMBINE_HIDPI_IMAGES = YES;
				FRAMEWORK_SEARCH_PATHS = "\"$(DEVELOPER_LIBRARY_DIR)/Frameworks\"";
				GCC_PRECOMPILE_PREFIX_HEADER = YES;
				GCC_PREFIX_HEADER = "RockemSockem/RockemSockem-Prefix.pch";
				INFOPLIST_FILE = "RockemSockemTests/RockemSockemTests-Info.plist";
				PRODUCT_NAME = "$(TARGET_NAME)";
			};
			name = Release;
		};
		88997CB4172891FB00C569A6 /* Test */ = {
			isa = XCBuildConfiguration;
			baseConfigurationReference = 882438F0177B7EDC0071C196 /* Test.xcconfig */;
			buildSettings = {
				ALWAYS_SEARCH_USER_PATHS = NO;
				CLANG_CXX_LANGUAGE_STANDARD = "gnu++0x";
				CLANG_CXX_LIBRARY = "libc++";
				CLANG_ENABLE_OBJC_ARC = YES;
				CLANG_WARN_CONSTANT_CONVERSION = YES;
				CLANG_WARN_EMPTY_BODY = YES;
				CLANG_WARN_ENUM_CONVERSION = YES;
				CLANG_WARN_INT_CONVERSION = YES;
				CLANG_WARN__DUPLICATE_METHOD_MATCH = YES;
				COPY_PHASE_STRIP = NO;
				GCC_C_LANGUAGE_STANDARD = gnu99;
				GCC_DYNAMIC_NO_PIC = NO;
				GCC_ENABLE_OBJC_EXCEPTIONS = YES;
				GCC_OPTIMIZATION_LEVEL = 0;
				GCC_PREPROCESSOR_DEFINITIONS = (
					"DEBUG=1",
					"$(inherited)",
				);
				GCC_SYMBOLS_PRIVATE_EXTERN = NO;
				GCC_WARN_64_TO_32_BIT_CONVERSION = YES;
				GCC_WARN_ABOUT_RETURN_TYPE = YES;
				GCC_WARN_UNINITIALIZED_AUTOS = YES;
				GCC_WARN_UNUSED_VARIABLE = YES;
				MACOSX_DEPLOYMENT_TARGET = 10.8;
				ONLY_ACTIVE_ARCH = YES;
				OTHER_CFLAGS = (
					"-Wall",
					"-Werror",
				);
				RUN_CLANG_STATIC_ANALYZER = YES;
				SDKROOT = macosx;
				VALID_ARCHS = x86_64;
			};
			name = Test;
		};
		88997CB5172891FB00C569A6 /* Test */ = {
			isa = XCBuildConfiguration;
			baseConfigurationReference = 882438F8177B7EDC0071C196 /* Mac-Framework.xcconfig */;
			buildSettings = {
				COMBINE_HIDPI_IMAGES = YES;
				DYLIB_COMPATIBILITY_VERSION = 1;
				DYLIB_CURRENT_VERSION = 1;
				FRAMEWORK_VERSION = A;
				GCC_PRECOMPILE_PREFIX_HEADER = YES;
				GCC_PREFIX_HEADER = "RockemSockem/RockemSockem-Prefix.pch";
				INFOPLIST_FILE = "RockemSockem/RockemSockem-Info.plist";
				PRODUCT_NAME = "$(TARGET_NAME)";
				WRAPPER_EXTENSION = framework;
			};
			name = Test;
		};
		88997CB6172891FB00C569A6 /* Test */ = {
			isa = XCBuildConfiguration;
			baseConfigurationReference = 882438F8177B7EDC0071C196 /* Mac-Framework.xcconfig */;
			buildSettings = {
				COMBINE_HIDPI_IMAGES = YES;
				FRAMEWORK_SEARCH_PATHS = "\"$(DEVELOPER_LIBRARY_DIR)/Frameworks\"";
				GCC_PRECOMPILE_PREFIX_HEADER = YES;
				GCC_PREFIX_HEADER = "RockemSockem/RockemSockem-Prefix.pch";
				INFOPLIST_FILE = "RockemSockemTests/RockemSockemTests-Info.plist";
				PRODUCT_NAME = "$(TARGET_NAME)";
			};
			name = Test;
		};
/* End XCBuildConfiguration section */

/* Begin XCConfigurationList section */
		885BB8E817237A700077DC8F /* Build configuration list for PBXProject "RockemSockem" */ = {
			isa = XCConfigurationList;
			buildConfigurations = (
				885BB91617237A710077DC8F /* Debug */,
				88997CB4172891FB00C569A6 /* Test */,
				885BB91717237A710077DC8F /* Release */,
				88036D0F17273B6700ABBE70 /* Profile */,
			);
			defaultConfigurationIsVisible = 0;
			defaultConfigurationName = Release;
		};
		885BB91817237A710077DC8F /* Build configuration list for PBXNativeTarget "RockemSockem" */ = {
			isa = XCConfigurationList;
			buildConfigurations = (
				885BB91917237A710077DC8F /* Debug */,
				88997CB5172891FB00C569A6 /* Test */,
				885BB91A17237A710077DC8F /* Release */,
				88036D1017273B6700ABBE70 /* Profile */,
			);
			defaultConfigurationIsVisible = 0;
			defaultConfigurationName = Release;
		};
		885BB91B17237A710077DC8F /* Build configuration list for PBXNativeTarget "RockemSockemTests" */ = {
			isa = XCConfigurationList;
			buildConfigurations = (
				885BB91C17237A710077DC8F /* Debug */,
				88997CB6172891FB00C569A6 /* Test */,
				885BB91D17237A710077DC8F /* Release */,
				88036D1117273B6700ABBE70 /* Profile */,
			);
			defaultConfigurationIsVisible = 0;
			defaultConfigurationName = Release;
		};
/* End XCConfigurationList section */
	};
	rootObject = 885BB8E517237A700077DC8F /* Project object */;
}
